
Microsoft Visual Studio Solution File, Format Version 11.00
# Visual Studio 2010
Project("{FAE04EC0-301F-11D3-BF4B-00C04F79EFBC}") = "MonoTouchCropTest", "MonoTouchCropTest\MonoTouchCropTest.csproj", "{C49BA4DD-6954-4B52-B6EC-ED7FBC7E1E55}"
EndProject
Project("{FAE04EC0-301F-11D3-BF4B-00C04F79EFBC}") = "MonoCropUtility", "MonoCropUtility\MonoCropUtility.csproj", "{DCC9D0AA-EF96-4367-83A1-EA2C56D09DA4}"
EndProject
Global
	GlobalSection(SolutionConfigurationPlatforms) = preSolution
		Debug|iPhoneSimulator = Debug|iPhoneSimulator
		Release|iPhoneSimulator = Release|iPhoneSimulator
		Debug|iPhone = Debug|iPhone
		Release|iPhone = Release|iPhone
		Ad-Hoc|iPhone = Ad-Hoc|iPhone
		AppStore|iPhone = AppStore|iPhone
	EndGlobalSection
	GlobalSection(ProjectConfigurationPlatforms) = postSolution
		{C49BA4DD-6954-4B52-B6EC-ED7FBC7E1E55}.Ad-Hoc|iPhone.ActiveCfg = Ad-Hoc|iPhone
		{C49BA4DD-6954-4B52-B6EC-ED7FBC7E1E55}.Ad-Hoc|iPhone.Build.0 = Ad-Hoc|iPhone
		{C49BA4DD-6954-4B52-B6EC-ED7FBC7E1E55}.AppStore|iPhone.ActiveCfg = AppStore|iPhone
		{C49BA4DD-6954-4B52-B6EC-ED7FBC7E1E55}.AppStore|iPhone.Build.0 = AppStore|iPhone
		{C49BA4DD-6954-4B52-B6EC-ED7FBC7E1E55}.Debug|iPhone.ActiveCfg = Debug|iPhone
		{C49BA4DD-6954-4B52-B6EC-ED7FBC7E1E55}.Debug|iPhone.Build.0 = Debug|iPhone
		{C49BA4DD-6954-4B52-B6EC-ED7FBC7E1E55}.Debug|iPhoneSimulator.ActiveCfg = Debug|iPhoneSimulator
		{C49BA4DD-6954-4B52-B6EC-ED7FBC7E1E55}.Debug|iPhoneSimulator.Build.0 = Debug|iPhoneSimulator
		{C49BA4DD-6954-4B52-B6EC-ED7FBC7E1E55}.Release|iPhone.ActiveCfg = Release|iPhone
		{C49BA4DD-6954-4B52-B6EC-ED7FBC7E1E55}.Release|iPhone.Build.0 = Release|iPhone
		{C49BA4DD-6954-4B52-B6EC-ED7FBC7E1E55}.Release|iPhoneSimulator.ActiveCfg = Release|iPhoneSimulator
		{C49BA4DD-6954-4B52-B6EC-ED7FBC7E1E55}.Release|iPhoneSimulator.Build.0 = Release|iPhoneSimulator
		{DCC9D0AA-EF96-4367-83A1-EA2C56D09DA4}.Ad-Hoc|iPhone.ActiveCfg = Debug|Any CPU
		{DCC9D0AA-EF96-4367-83A1-EA2C56D09DA4}.Ad-Hoc|iPhone.Build.0 = Debug|Any CPU
		{DCC9D0AA-EF96-4367-83A1-EA2C56D09DA4}.AppStore|iPhone.ActiveCfg = Debug|Any CPU
		{DCC9D0AA-EF96-4367-83A1-EA2C56D09DA4}.AppStore|iPhone.Build.0 = Debug|Any CPU
		{DCC9D0AA-EF96-4367-83A1-EA2C56D09DA4}.Debug|iPhone.ActiveCfg = Debug|Any CPU
		{DCC9D0AA-EF96-4367-83A1-EA2C56D09DA4}.Debug|iPhone.Build.0 = Debug|Any CPU
		{DCC9D0AA-EF96-4367-83A1-EA2C56D09DA4}.Debug|iPhoneSimulator.ActiveCfg = Debug|Any CPU
		{DCC9D0AA-EF96-4367-83A1-EA2C56D09DA4}.Debug|iPhoneSimulator.Build.0 = Debug|Any CPU
		{DCC9D0AA-EF96-4367-83A1-EA2C56D09DA4}.Release|iPhone.ActiveCfg = Release|Any CPU
		{DCC9D0AA-EF96-4367-83A1-EA2C56D09DA4}.Release|iPhone.Build.0 = Release|Any CPU
		{DCC9D0AA-EF96-4367-83A1-EA2C56D09DA4}.Release|iPhoneSimulator.ActiveCfg = Release|Any CPU
		{DCC9D0AA-EF96-4367-83A1-EA2C56D09DA4}.Release|iPhoneSimulator.Build.0 = Release|Any CPU
	EndGlobalSection
	GlobalSection(MonoDevelopProperties) = preSolution
		StartupItem = MonoTouchCropTest\MonoTouchCropTest.csproj
	EndGlobalSection
EndGlobal
